
Microsoft Visual Studio Solution File, Format Version 12.00
# Visual Studio Version 17
VisualStudioVersion = 17.14.36616.10 d17.14
MinimumVisualStudioVersion = 10.0.40219.1
Project("{FAE04EC0-301F-11D3-BF4B-00C04F79EFBC}") = "UMS", "UMS.csproj", "{F247D197-C5E5-4658-83A1-1CBB20BE0681}"
EndProject
Global
	GlobalSection(SolutionConfigurationPlatforms) = preSolution
		Debug|Any CPU = Debug|Any CPU
		Release|Any CPU = Release|Any CPU
	EndGlobalSection
	GlobalSection(ProjectConfigurationPlatforms) = postSolution
		{F247D197-C5E5-4658-83A1-1CBB20BE0681}.Debug|Any CPU.ActiveCfg = Debug|Any CPU
		{F247D197-C5E5-4658-83A1-1CBB20BE0681}.Debug|Any CPU.Build.0 = Debug|Any CPU
		{F247D197-C5E5-4658-83A1-1CBB20BE0681}.Release|Any CPU.ActiveCfg = Release|Any CPU
		{F247D197-C5E5-4658-83A1-1CBB20BE0681}.Release|Any CPU.Build.0 = Release|Any CPU
	EndGlobalSection
	GlobalSection(SolutionProperties) = preSolution
		HideSolutionNode = FALSE
	EndGlobalSection
	GlobalSection(ExtensibilityGlobals) = postSolution
		SolutionGuid = {A8494668-E1F0-4B73-A771-10131C4AB289}
	EndGlobalSection
EndGlobal
